# THIS IS AN AUTOGENERATED FILE. DO NOT EDIT THIS FILE DIRECTLY.
# yarn lockfile v1


"@opencode-ai/plugin@^1.2.25":
  version "1.2.25"
  resolved "https://registry.yarnpkg.com/@opencode-ai/plugin/-/plugin-1.2.25.tgz#d59217f33c5c477a5ce434d5ef5cbafb2c868fc3"
  integrity sha512-IQnjkcN7cvI/zoiDNx1d2qnGzn5BR/Bu95Kq05/vdd8oX4ARgYkqfaJgKkNSpjUVoNBKHTd8m9q1TtzuKlyGUg==
  dependencies:
    "@opencode-ai/sdk" "1.2.25"
    zod "4.1.8"

"@opencode-ai/sdk@1.2.25":
  version "1.2.25"
  resolved "https://registry.yarnpkg.com/@opencode-ai/sdk/-/sdk-1.2.25.tgz#fb4657d5ab48ed34fdd2a627f7bf35cd84ff0cca"
  integrity sha512-ikuGWob48OM7LTgfXFqGOZKVOqh50FEjvtIBhXGhGowJhifmjZ+xuq/ypP8nPjTwUX73pbu1C3X9ZBWVkCN9mA==

"@types/node@^20.x":
  version "20.19.26"
  resolved "https://registry.yarnpkg.com/@types/node/-/node-20.19.26.tgz#2e8085b493a4f8b9e61e2b1a9d59a219bdc0e373"
  integrity sha512-0l6cjgF0XnihUpndDhk+nyD3exio3iKaYROSgvh/qSevPXax3L8p5DBRFjbvalnwatGgHEQn2R88y2fA3g4irg==
  dependencies:
    undici-types "~6.21.0"

typescript@^5.8.3:
  version "5.9.3"
  resolved "https://registry.yarnpkg.com/typescript/-/typescript-5.9.3.tgz#5b4f59e15310ab17a216f5d6cf53ee476ede670f"
  integrity sha512-jl1vZzPDinLr9eUt3J/t7V6FgNEw9QjvBPdysz9KfQDD41fQrC2Y4vKQdiaUpFT4bXlb1RHhLpp8wtm6M5TgSw==

undici-types@~6.21.0:
  version "6.21.0"
  resolved "https://registry.yarnpkg.com/undici-types/-/undici-types-6.21.0.tgz#691d00af3909be93a7faa13be61b3a5b50ef12cb"
  integrity sha512-iwDZqg0QAGrg9Rav5H4n0M64c3mkR59cJ6wQp+7C4nI0gsmExaedaYLNO44eT4AtBBwjbTiGPMlt2Md0T9H9JQ==

zod@4.1.8:
  version "4.1.8"
  resolved "https://registry.yarnpkg.com/zod/-/zod-4.1.8.tgz#54f024adc634dd185006a8415da2bdd495b9d92b"
  integrity sha512-5R1P+WwQqmmMIEACyzSvo4JXHY5WiAFHRMg+zBZKgKS+Q1viRa0C1hmUKtHltoIFKtIdki3pRxkmpP74jnNYHQ==
